dependencies:
- name: cluster-controller
  repository: file://../cluster-controller
  version: 1.0.0
- name: templates-controller
  repository: file://../templates-controller
  version: 0.3.0
- name: policy-agent
  repository: https://weaveworks.github.io/policy-agent
  version: 2.5.0
- name: pipeline-controller
  repository: file://../../../pipeline-controller/charts/pipeline-controller
  version: 0.22.0
- name: gitopssets-controller
  repository: file://../gitopssets-controller
  version: 0.1.0
- name: cluster-reflector-controller
  repository: file://../../../cluster-reflector-controller/charts/cluster-reflector-controller
  version: 0.1.0
- name: cluster-bootstrap-controller
  repository: file://../../../cluster-bootstrap-controller/charts/cluster-bootstrap-controller
  version: 0.1.0
digest: sha256:4c81bb2c460eec3140022ee742fcafe7058f4c05615094dbebf07b321a14b718
generated: "2024-02-23T18:44:15.045997757+01:00"
